<?xml version="1.0" encoding="utf-8"?>
<Project ToolsVersion="4.0" xmlns="http://schemas.microsoft.com/developer/msbuild/2003">
  <ItemGroup>
    <Filter Include="共通">
      <UniqueIdentifier>f253f812-764a-4b27-8540-a6000c0e8c55</UniqueIdentifier>
    </Filter>
    <Filter Include="アセット">
      <UniqueIdentifier>319d9e8c-f26e-481c-bb23-8b53121dd0c7</UniqueIdentifier>
      <Extensions>bmp;fbx;gif;jpg;jpeg;tga;tiff;tif;png</Extensions>
    </Filter>
    <Filter Include="コンテンツ">
      <UniqueIdentifier>b33c7d8e-abde-4814-961a-2912abc01626</UniqueIdentifier>
    </Filter>
    <ClInclude Include="Common\d3dx12.h">
      <Filter>共通</Filter>
    </ClInclude>
    <ClInclude Include="Common\DirectXHelper.h">
      <Filter>共通</Filter>
    </ClInclude>
    <ClInclude Include="Common\StepTimer.h">
      <Filter>共通</Filter>
    </ClInclude>
    <ClInclude Include="Common\DeviceResources.h">
      <Filter>共通</Filter>
    </ClInclude>
    <ClCompile Include="Common\DeviceResources.cpp">
      <Filter>共通</Filter>
    </ClCompile>
    <ClInclude Include="Content\Sample3DSceneRenderer.h">
      <Filter>コンテンツ</Filter>
    </ClInclude>
    <ClInclude Include="Content\ShaderStructures.h">
      <Filter>コンテンツ</Filter>
    </ClInclude>
    <ClCompile Include="Content\Sample3DSceneRenderer.cpp">
      <Filter>コンテンツ</Filter>
    </ClCompile>
    <FxCompile Include="Content\SamplePixelShader.hlsl">
      <Filter>コンテンツ</Filter>
    </FxCompile>
    <FxCompile Include="Content\SampleVertexShader.hlsl">
      <Filter>コンテンツ</Filter>
    </FxCompile>
    <Image Include="Assets\LockScreenLogo.scale-200.png">
      <Filter>アセット</Filter>
    </Image>
    <Image Include="Assets\SplashScreen.scale-200.png">
      <Filter>アセット</Filter>
    </Image>
    <Image Include="Assets\Square150x150Logo.scale-200.png">
      <Filter>アセット</Filter>
    </Image>
    <Image Include="Assets\Square44x44Logo.scale-200.png">
      <Filter>アセット</Filter>
    </Image>
    <Image Include="Assets\Square44x44Logo.targetsize-24_altform-unplated.png">
      <Filter>アセット</Filter>
    </Image>
    <Image Include="Assets\StoreLogo.png">
      <Filter>アセット</Filter>
    </Image>
    <Image Include="Assets\Wide310x150Logo.scale-200.png">
      <Filter>アセット</Filter>
    </Image>
  </ItemGroup>
</Project>